
Microsoft Visual Studio Solution File, Format Version 12.00
# Visual Studio 15
VisualStudioVersion = 15.0.35431.46
MinimumVisualStudioVersion = 10.0.40219.1
Project("{FAE04EC0-301F-11D3-BF4B-00C04F79EFBC}") = "API", "API\API.csproj", "{787FC977-5A26-41EB-BFE5-D0E443350A64}"
EndProject
Global
	GlobalSection(SolutionConfigurationPlatforms) = preSolution
		Debug|Any CPU = Debug|Any CPU
		Release|Any CPU = Release|Any CPU
	EndGlobalSection
	GlobalSection(ProjectConfigurationPlatforms) = postSolution
		{787FC977-5A26-41EB-BFE5-D0E443350A64}.Debug|Any CPU.ActiveCfg = Debug|Any CPU
		{787FC977-5A26-41EB-BFE5-D0E443350A64}.Debug|Any CPU.Build.0 = Debug|Any CPU
		{787FC977-5A26-41EB-BFE5-D0E443350A64}.Release|Any CPU.ActiveCfg = Release|Any CPU
		{787FC977-5A26-41EB-BFE5-D0E443350A64}.Release|Any CPU.Build.0 = Release|Any CPU
	EndGlobalSection
	GlobalSection(SolutionProperties) = preSolution
		HideSolutionNode = FALSE
	EndGlobalSection
	GlobalSection(ExtensibilityGlobals) = postSolution
		SolutionGuid = {0F039A8B-48B0-4017-8A93-D8A9C90804A7}
	EndGlobalSection
EndGlobal
